<?xml version="1.0" encoding="utf-8"?>
<Project ToolsVersion="4.0" xmlns="http://schemas.microsoft.com/developer/msbuild/2003">
  <ItemGroup>
    <Filter Include="Source Files">
      <UniqueIdentifier>{4FC737F1-C7A5-4376-A066-2A32D752A2FF}</UniqueIdentifier>
      <Extensions>cpp;c;cc;cxx;def;odl;idl;hpj;bat;asm;asmx</Extensions>
    </Filter>
    <Filter Include="Header Files">
      <UniqueIdentifier>{93995380-89BD-4b04-88EB-625FBE52EBFB}</UniqueIdentifier>
      <Extensions>h;hh;hpp;hxx;hm;inl;inc;xsd</Extensions>
    </Filter>
  </ItemGroup>
  <ItemGroup>
    <ClInclude Include="__vm\.fire-alarm.vsarduino.h">
      <Filter>Header Files</Filter>
    </ClInclude>
    <ClInclude Include="src\SettingsManager.h">
      <Filter>Header Files</Filter>
    </ClInclude>
    <ClInclude Include="src\NetManager.h">
      <Filter>Header Files</Filter>
    </ClInclude>
    <ClInclude Include="src\NetConfigAP.h">
      <Filter>Header Files</Filter>
    </ClInclude>
    <ClInclude Include="src\NetClient.h">
      <Filter>Header Files</Filter>
    </ClInclude>
    <ClInclude Include="src\FireAlarm.h">
      <Filter>Header Files</Filter>
    </ClInclude>
    <ClInclude Include="src\Led.h">
      <Filter>Header Files</Filter>
    </ClInclude>
    <ClInclude Include="src\Pins.h">
      <Filter>Header Files</Filter>
    </ClInclude>
    <ClInclude Include="src\FlameSensor.h">
      <Filter>Header Files</Filter>
    </ClInclude>
    <ClInclude Include="src\GasSensor.h">
      <Filter>Header Files</Filter>
    </ClInclude>
    <ClInclude Include="src\Buzzer.h">
      <Filter>Header Files</Filter>
    </ClInclude>
  </ItemGroup>
  <ItemGroup>
    <ClCompile Include="fire-alarm.ino" />
    <ClCompile Include="src\SettingsManager.cpp">
      <Filter>Source Files</Filter>
    </ClCompile>
    <ClCompile Include="src\NetManager.cpp">
      <Filter>Source Files</Filter>
    </ClCompile>
    <ClCompile Include="src\NetConfigAP.cpp">
      <Filter>Source Files</Filter>
    </ClCompile>
    <ClCompile Include="src\NetClient.cpp">
      <Filter>Source Files</Filter>
    </ClCompile>
    <ClCompile Include="src\FireAlarm.cpp">
      <Filter>Source Files</Filter>
    </ClCompile>
    <ClCompile Include="src\Led.cpp">
      <Filter>Source Files</Filter>
    </ClCompile>
    <ClCompile Include="src\FlameSensor.cpp">
      <Filter>Source Files</Filter>
    </ClCompile>
    <ClCompile Include="src\GasSensor.cpp">
      <Filter>Source Files</Filter>
    </ClCompile>
    <ClCompile Include="src\Buzzer.cpp">
      <Filter>Source Files</Filter>
    </ClCompile>
  </ItemGroup>
</Project>